
Microsoft Visual Studio Solution File, Format Version 12.00
# Visual Studio 2012
Project("{FAE04EC0-301F-11D3-BF4B-00C04F79EFBC}") = "HW13", "HW13\HW13.csproj", "{DEAB2261-9B6E-4707-9500-08D3FA5523AC}"
EndProject
Global
	GlobalSection(SolutionConfigurationPlatforms) = preSolution
		Debug|x86 = Debug|x86
		Release|x86 = Release|x86
	EndGlobalSection
	GlobalSection(ProjectConfigurationPlatforms) = postSolution
		{DEAB2261-9B6E-4707-9500-08D3FA5523AC}.Debug|x86.ActiveCfg = Debug|x86
		{DEAB2261-9B6E-4707-9500-08D3FA5523AC}.Debug|x86.Build.0 = Debug|x86
		{DEAB2261-9B6E-4707-9500-08D3FA5523AC}.Release|x86.ActiveCfg = Release|x86
		{DEAB2261-9B6E-4707-9500-08D3FA5523AC}.Release|x86.Build.0 = Release|x86
	EndGlobalSection
EndGlobal
